<?xml version="1.0" encoding="utf-8"?>
<Project ToolsVersion="4.0" xmlns="http://schemas.microsoft.com/developer/msbuild/2003">
  <ItemGroup>
    <Filter Include="Source Files">
      <UniqueIdentifier>{4FC737F1-C7A5-4376-A066-2A32D752A2FF}</UniqueIdentifier>
      <Extensions>cpp;c;cc;cxx;def;odl;idl;hpj;bat;asm;asmx</Extensions>
    </Filter>
    <Filter Include="Header Files">
      <UniqueIdentifier>{93995380-89BD-4b04-88EB-625FBE52EBFB}</UniqueIdentifier>
      <Extensions>h;hpp;hxx;hm;inl;inc;xsd</Extensions>
    </Filter>
    <Filter Include="Resource Files">
      <UniqueIdentifier>{67DA6AB6-F800-4c08-8B7A-83BB121AAD01}</UniqueIdentifier>
      <Extensions>rc;ico;cur;bmp;dlg;rc2;rct;bin;rgs;gif;jpg;jpeg;jpe;resx;tiff;tif;png;wav</Extensions>
    </Filter>
  </ItemGroup>
  <ItemGroup>
    <ClCompile Include="Plugin.cc">
      <Filter>Source Files</Filter>
    </ClCompile>
    <ClCompile Include="SessionDescription.cc">
      <Filter>Source Files</Filter>
    </ClCompile>
    <ClCompile Include="WebRTC.cc">
      <Filter>Source Files</Filter>
    </ClCompile>
    <ClCompile Include="dllmain.cc">
      <Filter>Source Files</Filter>
    </ClCompile>
    <ClCompile Include="Utils.cc">
      <Filter>Source Files</Filter>
    </ClCompile>
    <ClCompile Include="BrowserCallback.cc">
      <Filter>Source Files</Filter>
    </ClCompile>
    <ClCompile Include="MediaStream.cc">
      <Filter>Source Files</Filter>
    </ClCompile>
    <ClCompile Include="MediaSourceStates.cc">
      <Filter>Source Files</Filter>
    </ClCompile>
    <ClCompile Include="MediaStreamEvent.cc">
      <Filter>Source Files</Filter>
    </ClCompile>
    <ClCompile Include="MediaStreamTrack.cc">
      <Filter>Source Files</Filter>
    </ClCompile>
    <ClCompile Include="PeerConnection.cc">
      <Filter>Source Files</Filter>
    </ClCompile>
    <ClCompile Include="RTCIceCandidate.cc">
      <Filter>Source Files</Filter>
    </ClCompile>
    <ClCompile Include="RTCPeerConnectionIceEvent.cc">
      <Filter>Source Files</Filter>
    </ClCompile>
    <ClCompile Include="RTCStats.cc">
      <Filter>Source Files</Filter>
    </ClCompile>
    <ClCompile Include="RTCStatsReport.cc">
      <Filter>Source Files</Filter>
    </ClCompile>
    <ClCompile Include="SourceInfo.cc">
      <Filter>Source Files</Filter>
    </ClCompile>
    <ClCompile Include="RTCDTMFSender.cc">
      <Filter>Source Files</Filter>
    </ClCompile>
    <ClCompile Include="RTCDTMFToneChangeEvent.cc">
      <Filter>Source Files</Filter>
    </ClCompile>
    <ClCompile Include="RTCDataChannel.cc">
      <Filter>Source Files</Filter>
    </ClCompile>
    <ClCompile Include="RTCDataChannelEvent.cc">
      <Filter>Source Files</Filter>
    </ClCompile>
    <ClCompile Include="MessageEvent.cc">
      <Filter>Source Files</Filter>
    </ClCompile>
  </ItemGroup>
  <ItemGroup>
    <None Include="webrtc-everywhere-npapi.def">
      <Filter>Source Files</Filter>
    </None>
  </ItemGroup>
  <ItemGroup>
    <ClInclude Include="Plugin.h">
      <Filter>Header Files</Filter>
    </ClInclude>
    <ClInclude Include="resource.h">
      <Filter>Header Files</Filter>
    </ClInclude>
    <ClInclude Include="SessionDescription.h">
      <Filter>Header Files</Filter>
    </ClInclude>
    <ClInclude Include="Utils.h">
      <Filter>Header Files</Filter>
    </ClInclude>
    <ClInclude Include="BrowserCallback.h">
      <Filter>Header Files</Filter>
    </ClInclude>
    <ClInclude Include="WebRTC.h">
      <Filter>Header Files</Filter>
    </ClInclude>
    <ClInclude Include="MediaStream.h">
      <Filter>Header Files</Filter>
    </ClInclude>
    <ClInclude Include="MediaSourceStates.h">
      <Filter>Header Files</Filter>
    </ClInclude>
    <ClInclude Include="MediaStreamEvent.h">
      <Filter>Header Files</Filter>
    </ClInclude>
    <ClInclude Include="MediaStreamTrack.h">
      <Filter>Header Files</Filter>
    </ClInclude>
    <ClInclude Include="PeerConnection.h">
      <Filter>Header Files</Filter>
    </ClInclude>
    <ClInclude Include="RTCIceCandidate.h">
      <Filter>Header Files</Filter>
    </ClInclude>
    <ClInclude Include="RTCPeerConnectionIceEvent.h">
      <Filter>Header Files</Filter>
    </ClInclude>
    <ClInclude Include="RTCStats.h">
      <Filter>Header Files</Filter>
    </ClInclude>
    <ClInclude Include="RTCStatsReport.h">
      <Filter>Header Files</Filter>
    </ClInclude>
    <ClInclude Include="SourceInfo.h">
      <Filter>Header Files</Filter>
    </ClInclude>
    <ClInclude Include="NPCommon.h">
      <Filter>Header Files</Filter>
    </ClInclude>
    <ClInclude Include="RTCDTMFSender.h">
      <Filter>Header Files</Filter>
    </ClInclude>
    <ClInclude Include="RTCDTMFToneChangeEvent.h">
      <Filter>Header Files</Filter>
    </ClInclude>
    <ClInclude Include="RTCDataChannel.h">
      <Filter>Header Files</Filter>
    </ClInclude>
    <ClInclude Include="RTCDataChannelEvent.h">
      <Filter>Header Files</Filter>
    </ClInclude>
    <ClInclude Include="MessageEvent.h">
      <Filter>Header Files</Filter>
    </ClInclude>
  </ItemGroup>
  <ItemGroup>
    <ResourceCompile Include="webrtc-everywhere-npapi.rc">
      <Filter>Resource Files</Filter>
    </ResourceCompile>
  </ItemGroup>
</Project>